
Microsoft Visual Studio Solution File, Format Version 12.00
# Visual Studio 15
VisualStudioVersion = 15.0.27130.2010
MinimumVisualStudioVersion = 10.0.40219.1
Project("{2150E333-8FDC-42A3-9474-1A3956D46DE8}") = "Solution Items", "Solution Items", "{6E9A8A6B-EF43-447B-AA02-1F8ED21CE7C7}"
	ProjectSection(SolutionItems) = preProject
		.gitignore = .gitignore
		build.cake = build.cake
		build.ps1 = build.ps1
		build.sh = build.sh
		common.props = common.props
		JKCore.licenseheader = JKCore.licenseheader
	EndProjectSection
EndProject
Project("{2150E333-8FDC-42A3-9474-1A3956D46DE8}") = "src", "src", "{B688A73A-346B-48F6-8FE3-4BEC91F7D294}"
EndProject
Project("{2150E333-8FDC-42A3-9474-1A3956D46DE8}") = "test", "test", "{9BCA031D-CA95-4AB1-B05E-0452F67356DB}"
EndProject
Project("{9A19103F-16F7-4668-BE54-9A1E7A4F7556}") = "JKCore", "src\JKCore\JKCore.csproj", "{780DFD78-B93E-4BE7-9E60-14F5A0B37605}"
EndProject
Project("{9A19103F-16F7-4668-BE54-9A1E7A4F7556}") = "JKCore.Mediator", "src\JKCore.Mediator\JKCore.Mediator.csproj", "{E2200709-45B3-415D-846C-CA9AB29EF796}"
EndProject
Project("{9A19103F-16F7-4668-BE54-9A1E7A4F7556}") = "JKCore.Test", "test\JKCore.Test\JKCore.Test.csproj", "{0D21EAA0-28D7-44D5-B994-0247FD33570C}"
EndProject
Project("{9A19103F-16F7-4668-BE54-9A1E7A4F7556}") = "JKCore.MessageBus", "src\JKCore.MessageBus\JKCore.MessageBus.csproj", "{A24D1AB8-727A-4061-A3B9-34F4A2296492}"
EndProject
Project("{9A19103F-16F7-4668-BE54-9A1E7A4F7556}") = "JKCore.MessageBus.RabbitMQ", "src\JKCore.MessageBus.RabbitMQ\JKCore.MessageBus.RabbitMQ.csproj", "{F5DB8A5F-3F9C-487E-BD06-12E49893D7B4}"
EndProject
Project("{9A19103F-16F7-4668-BE54-9A1E7A4F7556}") = "JKCore.Repositories.EntityFramework", "src\JKCore.Repositories.EntityFramework\JKCore.Repositories.EntityFramework.csproj", "{90CA6023-43C9-4F0B-BA75-5CC1898905F2}"
EndProject
Project("{9A19103F-16F7-4668-BE54-9A1E7A4F7556}") = "JKCore.All.Default", "src\JKCore.All.Default\JKCore.All.Default.csproj", "{DE314CE3-5142-4F16-9136-0A63214681E4}"
EndProject
Project("{9A19103F-16F7-4668-BE54-9A1E7A4F7556}") = "JKCore.Mediator.Test", "test\JKCore.Mediator.Test\JKCore.Mediator.Test.csproj", "{C32BA3C1-8A7F-4433-8AEA-27A26D5DEEAC}"
EndProject
Project("{9A19103F-16F7-4668-BE54-9A1E7A4F7556}") = "JKCore.Repositories.EF.Test", "src\JKCore.Repositories.EF.Test\JKCore.Repositories.EF.Test.csproj", "{AF55109A-A5FA-454F-BC7A-5E24EC24AE81}"
EndProject
Project("{2150E333-8FDC-42A3-9474-1A3956D46DE8}") = "samples", "samples", "{CB62A838-197A-44AC-986E-FE50697AC335}"
EndProject
Project("{9A19103F-16F7-4668-BE54-9A1E7A4F7556}") = "MVC", "samples\MVC\MVC.csproj", "{AC5AA1C1-235C-4A08-B732-DD641A65490E}"
EndProject
Project("{FAE04EC0-301F-11D3-BF4B-00C04F79EFBC}") = "JKCore.Extensions.AspNet", "JKCore.Extensions.AspNet\JKCore.Extensions.AspNet.csproj", "{445653BB-47A2-4010-A709-49E72A9C65E9}"
EndProject
Global
	GlobalSection(SolutionConfigurationPlatforms) = preSolution
		Debug|Any CPU = Debug|Any CPU
		Release|Any CPU = Release|Any CPU
	EndGlobalSection
	GlobalSection(ProjectConfigurationPlatforms) = postSolution
		{780DFD78-B93E-4BE7-9E60-14F5A0B37605}.Debug|Any CPU.ActiveCfg = Debug|Any CPU
		{780DFD78-B93E-4BE7-9E60-14F5A0B37605}.Debug|Any CPU.Build.0 = Debug|Any CPU
		{780DFD78-B93E-4BE7-9E60-14F5A0B37605}.Release|Any CPU.ActiveCfg = Release|Any CPU
		{780DFD78-B93E-4BE7-9E60-14F5A0B37605}.Release|Any CPU.Build.0 = Release|Any CPU
		{E2200709-45B3-415D-846C-CA9AB29EF796}.Debug|Any CPU.ActiveCfg = Debug|Any CPU
		{E2200709-45B3-415D-846C-CA9AB29EF796}.Debug|Any CPU.Build.0 = Debug|Any CPU
		{E2200709-45B3-415D-846C-CA9AB29EF796}.Release|Any CPU.ActiveCfg = Release|Any CPU
		{E2200709-45B3-415D-846C-CA9AB29EF796}.Release|Any CPU.Build.0 = Release|Any CPU
		{0D21EAA0-28D7-44D5-B994-0247FD33570C}.Debug|Any CPU.ActiveCfg = Debug|Any CPU
		{0D21EAA0-28D7-44D5-B994-0247FD33570C}.Debug|Any CPU.Build.0 = Debug|Any CPU
		{0D21EAA0-28D7-44D5-B994-0247FD33570C}.Release|Any CPU.ActiveCfg = Release|Any CPU
		{0D21EAA0-28D7-44D5-B994-0247FD33570C}.Release|Any CPU.Build.0 = Release|Any CPU
		{A24D1AB8-727A-4061-A3B9-34F4A2296492}.Debug|Any CPU.ActiveCfg = Debug|Any CPU
		{A24D1AB8-727A-4061-A3B9-34F4A2296492}.Debug|Any CPU.Build.0 = Debug|Any CPU
		{A24D1AB8-727A-4061-A3B9-34F4A2296492}.Release|Any CPU.ActiveCfg = Release|Any CPU
		{A24D1AB8-727A-4061-A3B9-34F4A2296492}.Release|Any CPU.Build.0 = Release|Any CPU
		{F5DB8A5F-3F9C-487E-BD06-12E49893D7B4}.Debug|Any CPU.ActiveCfg = Debug|Any CPU
		{F5DB8A5F-3F9C-487E-BD06-12E49893D7B4}.Debug|Any CPU.Build.0 = Debug|Any CPU
		{F5DB8A5F-3F9C-487E-BD06-12E49893D7B4}.Release|Any CPU.ActiveCfg = Release|Any CPU
		{F5DB8A5F-3F9C-487E-BD06-12E49893D7B4}.Release|Any CPU.Build.0 = Release|Any CPU
		{90CA6023-43C9-4F0B-BA75-5CC1898905F2}.Debug|Any CPU.ActiveCfg = Debug|Any CPU
		{90CA6023-43C9-4F0B-BA75-5CC1898905F2}.Debug|Any CPU.Build.0 = Debug|Any CPU
		{90CA6023-43C9-4F0B-BA75-5CC1898905F2}.Release|Any CPU.ActiveCfg = Release|Any CPU
		{90CA6023-43C9-4F0B-BA75-5CC1898905F2}.Release|Any CPU.Build.0 = Release|Any CPU
		{DE314CE3-5142-4F16-9136-0A63214681E4}.Debug|Any CPU.ActiveCfg = Debug|Any CPU
		{DE314CE3-5142-4F16-9136-0A63214681E4}.Debug|Any CPU.Build.0 = Debug|Any CPU
		{DE314CE3-5142-4F16-9136-0A63214681E4}.Release|Any CPU.ActiveCfg = Release|Any CPU
		{DE314CE3-5142-4F16-9136-0A63214681E4}.Release|Any CPU.Build.0 = Release|Any CPU
		{C32BA3C1-8A7F-4433-8AEA-27A26D5DEEAC}.Debug|Any CPU.ActiveCfg = Debug|Any CPU
		{C32BA3C1-8A7F-4433-8AEA-27A26D5DEEAC}.Debug|Any CPU.Build.0 = Debug|Any CPU
		{C32BA3C1-8A7F-4433-8AEA-27A26D5DEEAC}.Release|Any CPU.ActiveCfg = Release|Any CPU
		{C32BA3C1-8A7F-4433-8AEA-27A26D5DEEAC}.Release|Any CPU.Build.0 = Release|Any CPU
		{AF55109A-A5FA-454F-BC7A-5E24EC24AE81}.Debug|Any CPU.ActiveCfg = Debug|Any CPU
		{AF55109A-A5FA-454F-BC7A-5E24EC24AE81}.Debug|Any CPU.Build.0 = Debug|Any CPU
		{AF55109A-A5FA-454F-BC7A-5E24EC24AE81}.Release|Any CPU.ActiveCfg = Release|Any CPU
		{AF55109A-A5FA-454F-BC7A-5E24EC24AE81}.Release|Any CPU.Build.0 = Release|Any CPU
		{AC5AA1C1-235C-4A08-B732-DD641A65490E}.Debug|Any CPU.ActiveCfg = Debug|Any CPU
		{AC5AA1C1-235C-4A08-B732-DD641A65490E}.Debug|Any CPU.Build.0 = Debug|Any CPU
		{AC5AA1C1-235C-4A08-B732-DD641A65490E}.Release|Any CPU.ActiveCfg = Release|Any CPU
		{AC5AA1C1-235C-4A08-B732-DD641A65490E}.Release|Any CPU.Build.0 = Release|Any CPU
		{445653BB-47A2-4010-A709-49E72A9C65E9}.Debug|Any CPU.ActiveCfg = Debug|Any CPU
		{445653BB-47A2-4010-A709-49E72A9C65E9}.Debug|Any CPU.Build.0 = Debug|Any CPU
		{445653BB-47A2-4010-A709-49E72A9C65E9}.Release|Any CPU.ActiveCfg = Release|Any CPU
		{445653BB-47A2-4010-A709-49E72A9C65E9}.Release|Any CPU.Build.0 = Release|Any CPU
	EndGlobalSection
	GlobalSection(SolutionProperties) = preSolution
		HideSolutionNode = FALSE
	EndGlobalSection
	GlobalSection(NestedProjects) = preSolution
		{780DFD78-B93E-4BE7-9E60-14F5A0B37605} = {B688A73A-346B-48F6-8FE3-4BEC91F7D294}
		{E2200709-45B3-415D-846C-CA9AB29EF796} = {B688A73A-346B-48F6-8FE3-4BEC91F7D294}
		{0D21EAA0-28D7-44D5-B994-0247FD33570C} = {9BCA031D-CA95-4AB1-B05E-0452F67356DB}
		{A24D1AB8-727A-4061-A3B9-34F4A2296492} = {B688A73A-346B-48F6-8FE3-4BEC91F7D294}
		{F5DB8A5F-3F9C-487E-BD06-12E49893D7B4} = {B688A73A-346B-48F6-8FE3-4BEC91F7D294}
		{90CA6023-43C9-4F0B-BA75-5CC1898905F2} = {B688A73A-346B-48F6-8FE3-4BEC91F7D294}
		{DE314CE3-5142-4F16-9136-0A63214681E4} = {B688A73A-346B-48F6-8FE3-4BEC91F7D294}
		{C32BA3C1-8A7F-4433-8AEA-27A26D5DEEAC} = {9BCA031D-CA95-4AB1-B05E-0452F67356DB}
		{AF55109A-A5FA-454F-BC7A-5E24EC24AE81} = {9BCA031D-CA95-4AB1-B05E-0452F67356DB}
		{AC5AA1C1-235C-4A08-B732-DD641A65490E} = {CB62A838-197A-44AC-986E-FE50697AC335}
		{445653BB-47A2-4010-A709-49E72A9C65E9} = {B688A73A-346B-48F6-8FE3-4BEC91F7D294}
	EndGlobalSection
	GlobalSection(ExtensibilityGlobals) = postSolution
		SolutionGuid = {058D605E-1FDE-494C-A46F-275C955C2D87}
	EndGlobalSection
EndGlobal
